Microsoft Visual Studio Solution File, Format Version 12.00
# Visual Studio Version 17
VisualStudioVersion = 17.0.32526.336
MinimumVisualStudioVersion = 10.0.40219.1
Project("{8BC9CEB8-D860-4341-90E1-6877785A5A5A}") = "Driver", "Driver\Driver.vcxproj", "{8BC9CEB8-D860-4341-90E1-6877785A5A5A}"
EndProject
Project("{9C0DDB8E-D861-4342-90E2-6877785A5A5B}") = "Executor", "Executor\Executor.vcxproj", "{9C0DDB8E-D861-4342-90E2-6877785A5A5B}"
EndProject
Global
	GlobalSection(SolutionConfigurationPlatforms) = preSolution
		Release|x64 = Release|x64
		Debug|x64 = Debug|x64
	EndGlobalSection
	GlobalSection(ProjectConfigurationPlatforms) = postSolution
		{8BC9CEB8-D860-4341-90E1-6877785A5A5A}.Release|x64.ActiveCfg = Release|x64
		{8BC9CEB8-D860-4341-90E1-6877785A5A5A}.Release|x64.Build.0 = Release|x64
		{8BC9CEB8-D860-4341-90E1-6877785A5A5A}.Debug|x64.ActiveCfg = Debug|x64
		{8BC9CEB8-D860-4341-90E1-6877785A5A5A}.Debug|x64.Build.0 = Debug|x64
		{9C0DDB8E-D861-4342-90E2-6877785A5A5B}.Release|x64.ActiveCfg = Release|x64
		{9C0DDB8E-D861-4342-90E2-6877785A5A5B}.Release|x64.Build.0 = Release|x64
		{9C0DDB8E-D861-4342-90E2-6877785A5A5B}.Debug|x64.ActiveCfg = Debug|x64
		{9C0DDB8E-D861-4342-90E2-6877785A5A5B}.Debug|x64.Build.0 = Debug|x64
	EndGlobalSection
	GlobalSection(SolutionProperties) = preSolution
		HideSolutionNode = FALSE
	EndGlobalSection
	GlobalSection(ExtensibilityGlobals) = postSolution
		SolutionGuid = {7BC9CEB8-D862-4343-90E3-6877785A5A5C}
	EndGlobalSection
EndGlobal
